# This file is autogenerated, do not edit; changes may be undone by the next 'dep ensure'.


[[projects]]
  name = "github.com/kz/discordrus"
  packages = ["."]
  revision = "9552996f102c91e7712fee70bd6417be63cc04bd"
  version = "v1.0.1"

[[projects]]
  name = "github.com/sirupsen/logrus"
  packages = ["."]
  revision = "d682213848ed68c0a260ca37d6dd5ace8423f5ba"
  version = "v1.0.4"

[[projects]]
  branch = "master"
  name = "golang.org/x/crypto"
  packages = ["ssh/terminal"]
  revision = "244f6ce1f09cc9f3d7bffe29b033aaa13c0cc2f3"

[[projects]]
  branch = "master"
  name = "golang.org/x/sys"
  packages = ["unix","windows"]
  revision = "571f7bbbe08da2a8955aed9d4db316e78630e9a3"

[solve-meta]
  analyzer-name = "dep"
  analyzer-version = 1
  inputs-digest = "f93c9171afbf82af77bd1cc760808150e58c109f199849032842ae1d2a9efc74"
  solver-name = "gps-cdcl"
  solver-version = 1
